
Microsoft Visual Studio Solution File, Format Version 12.00
# Visual Studio Version 17
VisualStudioVersion = 17.3.32819.101
MinimumVisualStudioVersion = 10.0.40219.1
Project("{FAE04EC0-301F-11D3-BF4B-00C04F79EFBC}") = "Blog", "Blog\Blog.csproj", "{4B7B573C-8085-4493-93B4-63271631271F}"
EndProject
Global
	GlobalSection(SolutionConfigurationPlatforms) = preSolution
		Debug|Any CPU = Debug|Any CPU
		Release|Any CPU = Release|Any CPU
	EndGlobalSection
	GlobalSection(ProjectConfigurationPlatforms) = postSolution
		{4B7B573C-8085-4493-93B4-63271631271F}.Debug|Any CPU.ActiveCfg = Debug|Any CPU
		{4B7B573C-8085-4493-93B4-63271631271F}.Debug|Any CPU.Build.0 = Debug|Any CPU
		{4B7B573C-8085-4493-93B4-63271631271F}.Release|Any CPU.ActiveCfg = Release|Any CPU
		{4B7B573C-8085-4493-93B4-63271631271F}.Release|Any CPU.Build.0 = Release|Any CPU
	EndGlobalSection
	GlobalSection(SolutionProperties) = preSolution
		HideSolutionNode = FALSE
	EndGlobalSection
	GlobalSection(ExtensibilityGlobals) = postSolution
		SolutionGuid = {E1A7CFB5-5B0E-4C68-B039-7D7FAA231822}
	EndGlobalSection
EndGlobal
