
Microsoft Visual Studio Solution File, Format Version 12.00
# Visual Studio Version 17
VisualStudioVersion = 17.3.32922.545
MinimumVisualStudioVersion = 10.0.40219.1
Project("{9A19103F-16F7-4668-BE54-9A1E7A4F7556}") = "MinhaApi", "MinhaApi.csproj", "{3BBE571E-B6C5-499C-AB01-A6A01314B003}"
EndProject
Global
	GlobalSection(SolutionConfigurationPlatforms) = preSolution
		Debug|Any CPU = Debug|Any CPU
		Release|Any CPU = Release|Any CPU
	EndGlobalSection
	GlobalSection(ProjectConfigurationPlatforms) = postSolution
		{3BBE571E-B6C5-499C-AB01-A6A01314B003}.Debug|Any CPU.ActiveCfg = Debug|Any CPU
		{3BBE571E-B6C5-499C-AB01-A6A01314B003}.Debug|Any CPU.Build.0 = Debug|Any CPU
		{3BBE571E-B6C5-499C-AB01-A6A01314B003}.Release|Any CPU.ActiveCfg = Release|Any CPU
		{3BBE571E-B6C5-499C-AB01-A6A01314B003}.Release|Any CPU.Build.0 = Release|Any CPU
	EndGlobalSection
	GlobalSection(SolutionProperties) = preSolution
		HideSolutionNode = FALSE
	EndGlobalSection
	GlobalSection(ExtensibilityGlobals) = postSolution
		SolutionGuid = {876DF739-B40D-46ED-B1C6-BC9555864968}
	EndGlobalSection
EndGlobal
